
Microsoft Visual Studio Solution File, Format Version 12.00
# Visual Studio Version 17
VisualStudioVersion = 17.13.35825.156
MinimumVisualStudioVersion = 10.0.40219.1
Project("{9A19103F-16F7-4668-BE54-9A1E7A4F7556}") = "WiseHR", "WiseHR.csproj", "{EF73C4DF-03FA-43D8-BB45-A9F14C528FF3}"
EndProject
Global
	GlobalSection(SolutionConfigurationPlatforms) = preSolution
		Debug|Any CPU = Debug|Any CPU
		Release|Any CPU = Release|Any CPU
	EndGlobalSection
	GlobalSection(ProjectConfigurationPlatforms) = postSolution
		{EF73C4DF-03FA-43D8-BB45-A9F14C528FF3}.Debug|Any CPU.ActiveCfg = Debug|Any CPU
		{EF73C4DF-03FA-43D8-BB45-A9F14C528FF3}.Debug|Any CPU.Build.0 = Debug|Any CPU
		{EF73C4DF-03FA-43D8-BB45-A9F14C528FF3}.Release|Any CPU.ActiveCfg = Release|Any CPU
		{EF73C4DF-03FA-43D8-BB45-A9F14C528FF3}.Release|Any CPU.Build.0 = Release|Any CPU
	EndGlobalSection
	GlobalSection(SolutionProperties) = preSolution
		HideSolutionNode = FALSE
	EndGlobalSection
	GlobalSection(ExtensibilityGlobals) = postSolution
		SolutionGuid = {133C2566-D353-4BDA-ADEC-C013A557F0F2}
	EndGlobalSection
EndGlobal
